[[package]]
category = "main"
description = "Atomic file writes."
marker = "sys_platform == \"win32\""
name = "atomicwrites"
optional = false
python-versions = ">=2.7, !=3.0.*, !=3.1.*, !=3.2.*, !=3.3.*"
version = "1.3.0"

[[package]]
category = "main"
description = "Classes Without Boilerplate"
name = "attrs"
optional = false
python-versions = ">=2.7, !=3.0.*, !=3.1.*, !=3.2.*, !=3.3.*"
version = "19.3.0"

[package.extras]
azure-pipelines = ["coverage", "hypothesis", "pympler", "pytest (>=4.3.0)", "six", "zope.interface", "pytest-azurepipelines"]
dev = ["coverage", "hypothesis", "pympler", "pytest (>=4.3.0)", "six", "zope.interface", "sphinx", "pre-commit"]
docs = ["sphinx", "zope.interface"]
tests = ["coverage", "hypothesis", "pympler", "pytest (>=4.3.0)", "six", "zope.interface"]

[[package]]
category = "main"
description = "Cross-platform colored terminal text."
marker = "sys_platform == \"win32\""
name = "colorama"
optional = false
python-versions = ">=2.7, !=3.0.*, !=3.1.*, !=3.2.*, !=3.3.*, !=3.4.*"
version = "0.4.3"

[[package]]
category = "main"
description = "Read metadata from Python packages"
marker = "python_version < \"3.8\""
name = "importlib-metadata"
optional = false
python-versions = "!=3.0.*,!=3.1.*,!=3.2.*,!=3.3.*,!=3.4.*,>=2.7"
version = "1.5.0"

[package.dependencies]
zipp = ">=0.5"

[package.extras]
docs = ["sphinx", "rst.linker"]
testing = ["packaging", "importlib-resources"]

[[package]]
category = "main"
description = "A very fast and expressive template engine."
name = "jinja2"
optional = false
python-versions = ">=2.7, !=3.0.*, !=3.1.*, !=3.2.*, !=3.3.*, !=3.4.*"
version = "2.11.1"

[package.dependencies]
MarkupSafe = ">=0.23"

[package.extras]
i18n = ["Babel (>=0.8)"]

[[package]]
category = "main"
description = "Lightweight pipelining: using Python functions as pipeline jobs."
name = "joblib"
optional = false
python-versions = "*"
version = "0.14.1"

[[package]]
category = "main"
description = "lightweight wrapper around basic LLVM functionality"
name = "llvmlite"
optional = false
python-versions = "*"
version = "0.31.0"

[[package]]
category = "main"
description = "Safely add untrusted strings to HTML/XML markup."
name = "markupsafe"
optional = false
python-versions = ">=2.7,!=3.0.*,!=3.1.*,!=3.2.*,!=3.3.*"
version = "1.1.1"

[[package]]
category = "main"
description = "More routines for operating on iterables, beyond itertools"
name = "more-itertools"
optional = false
python-versions = ">=3.5"
version = "8.2.0"

[[package]]
category = "main"
description = "compiling Python code using LLVM"
name = "numba"
optional = false
python-versions = ">=3.6"
version = "0.48.0"

[package.dependencies]
llvmlite = ">=0.31.0dev0,<0.32.0"
numpy = ">=1.15"
setuptools = "*"

[[package]]
category = "main"
description = "NumPy is the fundamental package for array computing with Python."
name = "numpy"
optional = false
python-versions = ">=3.5"
version = "1.18.1"

[[package]]
category = "main"
description = "Core utilities for Python packages"
name = "packaging"
optional = false
python-versions = ">=2.7, !=3.0.*, !=3.1.*, !=3.2.*, !=3.3.*"
version = "20.1"

[package.dependencies]
pyparsing = ">=2.0.2"
six = "*"

[[package]]
category = "main"
description = "Powerful data structures for data analysis, time series, and statistics"
name = "pandas"
optional = false
python-versions = ">=3.5.3"
version = "0.25.3"

[package.dependencies]
numpy = ">=1.13.3"
python-dateutil = ">=2.6.1"
pytz = ">=2017.2"

[package.extras]
test = ["pytest (>=4.0.2)", "pytest-xdist", "hypothesis (>=3.58)"]

[[package]]
category = "main"
description = "plugin and hook calling mechanisms for python"
name = "pluggy"
optional = false
python-versions = ">=2.7, !=3.0.*, !=3.1.*, !=3.2.*, !=3.3.*"
version = "0.13.1"

[package.dependencies]
[package.dependencies.importlib-metadata]
python = "<3.8"
version = ">=0.12"

[package.extras]
dev = ["pre-commit", "tox"]

[[package]]
category = "main"
description = "A simple Python library for easily displaying tabular data in a visually appealing ASCII table format."
name = "prettytable"
optional = false
python-versions = "*"
version = "0.7.2"

[[package]]
category = "main"
description = "Cross-platform lib for process and system monitoring in Python."
name = "psutil"
optional = false
python-versions = ">=2.6, !=3.0.*, !=3.1.*, !=3.2.*, !=3.3.*"
version = "5.7.0"

[package.extras]
enum = ["enum34"]

[[package]]
category = "main"
description = "library with cross-python path, ini-parsing, io, code, log facilities"
name = "py"
optional = false
python-versions = ">=2.7, !=3.0.*, !=3.1.*, !=3.2.*, !=3.3.*"
version = "1.8.1"

[[package]]
category = "main"
description = "Python options, make charting easier"
name = "pyecharts"
optional = false
python-versions = "*"
version = "1.6.2"

[package.dependencies]
jinja2 = "*"
prettytable = "*"
simplejson = "*"

[package.extras]
images = ["pil"]
phantomjs = ["snapshot-phantomjs"]
pyppeteer = ["snapshot-pyppeteer"]
selenium = ["snapshot-selenium"]

[[package]]
category = "main"
description = "Python parsing module"
name = "pyparsing"
optional = false
python-versions = ">=2.6, !=3.0.*, !=3.1.*, !=3.2.*"
version = "2.4.6"

[[package]]
category = "main"
description = "pytest: simple powerful testing with Python"
name = "pytest"
optional = false
python-versions = ">=3.5"
version = "5.3.5"

[package.dependencies]
atomicwrites = ">=1.0"
attrs = ">=17.4.0"
colorama = "*"
more-itertools = ">=4.0.0"
packaging = "*"
pluggy = ">=0.12,<1.0"
py = ">=1.5.0"
wcwidth = "*"

[package.dependencies.importlib-metadata]
python = "<3.8"
version = ">=0.12"

[package.extras]
checkqa-mypy = ["mypy (v0.761)"]
testing = ["argcomplete", "hypothesis (>=3.56)", "mock", "nose", "requests", "xmlschema"]

[[package]]
category = "main"
description = "Extensions to the standard Python datetime module"
name = "python-dateutil"
optional = false
python-versions = "!=3.0.*,!=3.1.*,!=3.2.*,>=2.7"
version = "2.8.1"

[package.dependencies]
six = ">=1.5"

[[package]]
category = "main"
description = "World timezone definitions, modern and historical"
name = "pytz"
optional = false
python-versions = "*"
version = "2019.3"

[[package]]
category = "main"
description = "Python bindings for Selenium"
name = "selenium"
optional = false
python-versions = "*"
version = "3.141.0"

[package.dependencies]
urllib3 = "*"

[[package]]
category = "main"
description = "Simple, fast, extensible JSON encoder/decoder for Python"
name = "simplejson"
optional = false
python-versions = ">=2.5, !=3.0.*, !=3.1.*, !=3.2.*"
version = "3.17.0"

[[package]]
category = "main"
description = "Python 2 and 3 compatibility utilities"
name = "six"
optional = false
python-versions = ">=2.7, !=3.0.*, !=3.1.*, !=3.2.*"
version = "1.14.0"

[[package]]
category = "main"
description = "Render echarts using selenium"
name = "snapshot-selenium"
optional = false
python-versions = "*"
version = "0.0.2"

[package.dependencies]
selenium = "*"

[[package]]
category = "main"
description = "Fast, Extensible Progress Meter"
name = "tqdm"
optional = false
python-versions = ">=2.6, !=3.0.*, !=3.1.*"
version = "4.43.0"

[package.extras]
dev = ["py-make (>=0.1.0)", "twine", "argopt", "pydoc-markdown"]

[[package]]
category = "main"
description = "HTTP library with thread-safe connection pooling, file post, and more."
name = "urllib3"
optional = false
python-versions = ">=2.7, !=3.0.*, !=3.1.*, !=3.2.*, !=3.3.*, !=3.4.*, <4"
version = "1.25.8"

[package.extras]
brotli = ["brotlipy (>=0.6.0)"]
secure = ["pyOpenSSL (>=0.14)", "cryptography (>=1.3.4)", "idna (>=2.0.0)", "certifi", "ipaddress"]
socks = ["PySocks (>=1.5.6,<1.5.7 || >1.5.7,<2.0)"]

[[package]]
category = "main"
description = "Measures number of Terminal column cells of wide-character codes"
name = "wcwidth"
optional = false
python-versions = "*"
version = "0.1.8"

[[package]]
category = "main"
description = "Backport of pathlib-compatible object wrapper for zip files"
marker = "python_version < \"3.8\""
name = "zipp"
optional = false
python-versions = ">=3.6"
version = "3.0.0"

[package.extras]
docs = ["sphinx", "jaraco.packaging (>=3.2)", "rst.linker (>=1.9)"]
testing = ["jaraco.itertools", "func-timeout"]

[metadata]
content-hash = "b3ade37ccd60d3976c1ad00af884dee9e42b46cca2b9a40bef6f4c908e1dd81d"
python-versions = "^3.6"

[metadata.files]
atomicwrites = [
    {file = "atomicwrites-1.3.0-py2.py3-none-any.whl", hash = "sha256:03472c30eb2c5d1ba9227e4c2ca66ab8287fbfbbda3888aa93dc2e28fc6811b4"},
    {file = "atomicwrites-1.3.0.tar.gz", hash = "sha256:75a9445bac02d8d058d5e1fe689654ba5a6556a1dfd8ce6ec55a0ed79866cfa6"},
]
attrs = [
    {file = "attrs-19.3.0-py2.py3-none-any.whl", hash = "sha256:08a96c641c3a74e44eb59afb61a24f2cb9f4d7188748e76ba4bb5edfa3cb7d1c"},
    {file = "attrs-19.3.0.tar.gz", hash = "sha256:f7b7ce16570fe9965acd6d30101a28f62fb4a7f9e926b3bbc9b61f8b04247e72"},
]
colorama = [
    {file = "colorama-0.4.3-py2.py3-none-any.whl", hash = "sha256:7d73d2a99753107a36ac6b455ee49046802e59d9d076ef8e47b61499fa29afff"},
    {file = "colorama-0.4.3.tar.gz", hash = "sha256:e96da0d330793e2cb9485e9ddfd918d456036c7149416295932478192f4436a1"},
]
importlib-metadata = [
    {file = "importlib_metadata-1.5.0-py2.py3-none-any.whl", hash = "sha256:b97607a1a18a5100839aec1dc26a1ea17ee0d93b20b0f008d80a5a050afb200b"},
    {file = "importlib_metadata-1.5.0.tar.gz", hash = "sha256:06f5b3a99029c7134207dd882428a66992a9de2bef7c2b699b5641f9886c3302"},
]
jinja2 = [
    {file = "Jinja2-2.11.1-py2.py3-none-any.whl", hash = "sha256:b0eaf100007721b5c16c1fc1eecb87409464edc10469ddc9a22a27a99123be49"},
    {file = "Jinja2-2.11.1.tar.gz", hash = "sha256:93187ffbc7808079673ef52771baa950426fd664d3aad1d0fa3e95644360e250"},
]
joblib = [
    {file = "joblib-0.14.1-py2.py3-none-any.whl", hash = "sha256:bdb4fd9b72915ffb49fde2229ce482dd7ae79d842ed8c2b4c932441495af1403"},
    {file = "joblib-0.14.1.tar.gz", hash = "sha256:0630eea4f5664c463f23fbf5dcfc54a2bc6168902719fa8e19daf033022786c8"},
]
llvmlite = [
    {file = "llvmlite-0.31.0-cp27-cp27m-macosx_10_9_x86_64.whl", hash = "sha256:00fdf20d2f4972a00bcfaa9ce62ee55208ae5df38906a198650ddf91ba6a5fba"},
    {file = "llvmlite-0.31.0-cp27-cp27m-win32.whl", hash = "sha256:6e4129f2d33a76c1415d2808bae58a15d5480b1cc09fd3e80fc8d0e25bf6c27e"},
    {file = "llvmlite-0.31.0-cp27-cp27m-win_amd64.whl", hash = "sha256:c999bbf838b7b29b81e070517ec2dad7f408428e4651f779028e0a35ed6f2dea"},
    {file = "llvmlite-0.31.0-cp27-cp27mu-manylinux1_i686.whl", hash = "sha256:7e8baa6d5b4383ca7b0abe0e8968b16d4e6b1c0691cbcef18eab298e9c840b5e"},
    {file = "llvmlite-0.31.0-cp27-cp27mu-manylinux1_x86_64.whl", hash = "sha256:5a771ae6398c24117797e9fa0fa70def5334eeab918beaafd40718e80e5f936a"},
    {file = "llvmlite-0.31.0-cp35-cp35m-macosx_10_9_x86_64.whl", hash = "sha256:607fb3738cdc803ffcc69ef3732595f7c66c203c5a7eea35b26f89822fb2baaa"},
    {file = "llvmlite-0.31.0-cp35-cp35m-manylinux1_i686.whl", hash = "sha256:c842b722a38370ef5836e16cf73981da8f2f3765cead55b2d51fc87c65840f70"},
    {file = "llvmlite-0.31.0-cp35-cp35m-manylinux1_x86_64.whl", hash = "sha256:fdba22341cefbdd7b8d57cc23256b5d5ab16faa64d744d66ecae6a0af86b1f9b"},
    {file = "llvmlite-0.31.0-cp35-cp35m-win32.whl", hash = "sha256:6699b0e6637f4f8624c2dd069b7b427da582f7ca3900f080bfebb5ff556272bd"},
    {file = "llvmlite-0.31.0-cp35-cp35m-win_amd64.whl", hash = "sha256:5bcbb90807a42cd7f47d32e25e270a6886f89ae6783059ee3e1e4aa13d13f2a0"},
    {file = "llvmlite-0.31.0-cp36-cp36m-macosx_10_9_x86_64.whl", hash = "sha256:312cca3af9f539a81432cd47f06a621d895c21e8cb1db2f9cfb22acd7fb69fa5"},
    {file = "llvmlite-0.31.0-cp36-cp36m-manylinux1_i686.whl", hash = "sha256:8189c8ad167ef8a65f4bbf9cbff19efbec7f0392996eec18f5e6b274462111b7"},
    {file = "llvmlite-0.31.0-cp36-cp36m-manylinux1_x86_64.whl", hash = "sha256:ebc86e3bb85fd2ad7f88ce80507350814719195d7555a802cd628713d3c08883"},
    {file = "llvmlite-0.31.0-cp36-cp36m-win32.whl", hash = "sha256:94c5c625088a9ddc0fcd2953f1e7cd94038e3c90b24522a5ba10559b2dd7f563"},
    {file = "llvmlite-0.31.0-cp36-cp36m-win_amd64.whl", hash = "sha256:7f4bffdf6cb4f5bab4060ea57cdc11344d9b406227efb8ae1c5e4823e8d146d1"},
    {file = "llvmlite-0.31.0-cp37-cp37m-macosx_10_9_x86_64.whl", hash = "sha256:d45b733f5ac76838a20c56d19d6a3032b856c2cedf7a65ce2a4e8a45f4062f93"},
    {file = "llvmlite-0.31.0-cp37-cp37m-manylinux1_i686.whl", hash = "sha256:5c676a549f44e559d7406824de83f659995b13b80c18aca4760981c9049a1a2d"},
    {file = "llvmlite-0.31.0-cp37-cp37m-manylinux1_x86_64.whl", hash = "sha256:81fc9ac6682a41f53bca113a8f97959b92728112f91714e850a72dc6d9dd8ced"},
    {file = "llvmlite-0.31.0-cp37-cp37m-win32.whl", hash = "sha256:d2a4e62b9f703bb669bb78ca45202dfedf6a1df000866d3ed694f29a85a73f4f"},
    {file = "llvmlite-0.31.0-cp37-cp37m-win_amd64.whl", hash = "sha256:363738f3eb3c6bed65cac38f295ff81a19a74e5aeab3d02e4e3b820279d8e36a"},
    {file = "llvmlite-0.31.0-cp38-cp38-macosx_10_9_x86_64.whl", hash = "sha256:5593acefd5f01765ee403ea4b0288a59aff2276eb8f5241deb2e52018219a66a"},
    {file = "llvmlite-0.31.0-cp38-cp38-manylinux1_i686.whl", hash = "sha256:4e8154d1496a58157652fad1b13d817f73db80eb85b5915d49a9573a26655e38"},
    {file = "llvmlite-0.31.0-cp38-cp38-manylinux1_x86_64.whl", hash = "sha256:1a917b1b27895d0707078028ae842b3184e617ac04014965b197212e00d8e057"},
    {file = "llvmlite-0.31.0-cp38-cp38-win32.whl", hash = "sha256:3601a869da83e5fb1abbe55ecfcecb957f9d899179a4ef66fc4b3b82b461fc5a"},
    {file = "llvmlite-0.31.0-cp38-cp38-win_amd64.whl", hash = "sha256:947b81539aa751ff627626172a3bdb0ba0a92bfd1de1847f4c1ad7928ea2ea70"},
    {file = "llvmlite-0.31.0.tar.gz", hash = "sha256:22ab2b9d7ec79fab66ac8b3d2133347de86addc2e2df1b3793e523ac84baa3c8"},
]
markupsafe = [
    {file = "MarkupSafe-1.1.1-cp27-cp27m-macosx_10_6_intel.whl", hash = "sha256:09027a7803a62ca78792ad89403b1b7a73a01c8cb65909cd876f7fcebd79b161"},
    {file = "MarkupSafe-1.1.1-cp27-cp27m-manylinux1_i686.whl", hash = "sha256:e249096428b3ae81b08327a63a485ad0878de3fb939049038579ac0ef61e17e7"},
    {file = "MarkupSafe-1.1.1-cp27-cp27m-manylinux1_x86_64.whl", hash = "sha256:500d4957e52ddc3351cabf489e79c91c17f6e0899158447047588650b5e69183"},
    {file = "MarkupSafe-1.1.1-cp27-cp27m-win32.whl", hash = "sha256:b2051432115498d3562c084a49bba65d97cf251f5a331c64a12ee7e04dacc51b"},
    {file = "MarkupSafe-1.1.1-cp27-cp27m-win_amd64.whl", hash = "sha256:98c7086708b163d425c67c7a91bad6e466bb99d797aa64f965e9d25c12111a5e"},
    {file = "MarkupSafe-1.1.1-cp27-cp27mu-manylinux1_i686.whl", hash = "sha256:cd5df75523866410809ca100dc9681e301e3c27567cf498077e8551b6d20e42f"},
    {file = "MarkupSafe-1.1.1-cp27-cp27mu-manylinux1_x86_64.whl", hash = "sha256:43a55c2930bbc139570ac2452adf3d70cdbb3cfe5912c71cdce1c2c6bbd9c5d1"},
    {file = "MarkupSafe-1.1.1-cp34-cp34m-macosx_10_6_intel.whl", hash = "sha256:1027c282dad077d0bae18be6794e6b6b8c91d58ed8a8d89a89d59693b9131db5"},
    {file = "MarkupSafe-1.1.1-cp34-cp34m-manylinux1_i686.whl", hash = "sha256:62fe6c95e3ec8a7fad637b7f3d372c15ec1caa01ab47926cfdf7a75b40e0eac1"},
    {file = "MarkupSafe-1.1.1-cp34-cp34m-manylinux1_x86_64.whl", hash = "sha256:88e5fcfb52ee7b911e8bb6d6aa2fd21fbecc674eadd44118a9cc3863f938e735"},
    {file = "MarkupSafe-1.1.1-cp34-cp34m-win32.whl", hash = "sha256:ade5e387d2ad0d7ebf59146cc00c8044acbd863725f887353a10df825fc8ae21"},
    {file = "MarkupSafe-1.1.1-cp34-cp34m-win_amd64.whl", hash = "sha256:09c4b7f37d6c648cb13f9230d847adf22f8171b1ccc4d5682398e77f40309235"},
    {file = "MarkupSafe-1.1.1-cp35-cp35m-macosx_10_6_intel.whl", hash = "sha256:79855e1c5b8da654cf486b830bd42c06e8780cea587384cf6545b7d9ac013a0b"},
    {file = "MarkupSafe-1.1.1-cp35-cp35m-manylinux1_i686.whl", hash = "sha256:c8716a48d94b06bb3b2524c2b77e055fb313aeb4ea620c8dd03a105574ba704f"},
    {file = "MarkupSafe-1.1.1-cp35-cp35m-manylinux1_x86_64.whl", hash = "sha256:7c1699dfe0cf8ff607dbdcc1e9b9af1755371f92a68f706051cc8c37d447c905"},
    {file = "MarkupSafe-1.1.1-cp35-cp35m-win32.whl", hash = "sha256:6dd73240d2af64df90aa7c4e7481e23825ea70af4b4922f8ede5b9e35f78a3b1"},
    {file = "MarkupSafe-1.1.1-cp35-cp35m-win_amd64.whl", hash = "sha256:9add70b36c5666a2ed02b43b335fe19002ee5235efd4b8a89bfcf9005bebac0d"},
    {file = "MarkupSafe-1.1.1-cp36-cp36m-macosx_10_6_intel.whl", hash = "sha256:24982cc2533820871eba85ba648cd53d8623687ff11cbb805be4ff7b4c971aff"},
    {file = "MarkupSafe-1.1.1-cp36-cp36m-manylinux1_i686.whl", hash = "sha256:00bc623926325b26bb9605ae9eae8a215691f33cae5df11ca5424f06f2d1f473"},
    {file = "MarkupSafe-1.1.1-cp36-cp36m-manylinux1_x86_64.whl", hash = "sha256:717ba8fe3ae9cc0006d7c451f0bb265ee07739daf76355d06366154ee68d221e"},
    {file = "MarkupSafe-1.1.1-cp36-cp36m-win32.whl", hash = "sha256:535f6fc4d397c1563d08b88e485c3496cf5784e927af890fb3c3aac7f933ec66"},
    {file = "MarkupSafe-1.1.1-cp36-cp36m-win_amd64.whl", hash = "sha256:b1282f8c00509d99fef04d8ba936b156d419be841854fe901d8ae224c59f0be5"},
    {file = "MarkupSafe-1.1.1-cp37-cp37m-macosx_10_6_intel.whl", hash = "sha256:8defac2f2ccd6805ebf65f5eeb132adcf2ab57aa11fdf4c0dd5169a004710e7d"},
    {file = "MarkupSafe-1.1.1-cp37-cp37m-manylinux1_i686.whl", hash = "sha256:46c99d2de99945ec5cb54f23c8cd5689f6d7177305ebff350a58ce5f8de1669e"},
    {file = "MarkupSafe-1.1.1-cp37-cp37m-manylinux1_x86_64.whl", hash = "sha256:ba59edeaa2fc6114428f1637ffff42da1e311e29382d81b339c1817d37ec93c6"},
    {file = "MarkupSafe-1.1.1-cp37-cp37m-win32.whl", hash = "sha256:b00c1de48212e4cc9603895652c5c410df699856a2853135b3967591e4beebc2"},
    {file = "MarkupSafe-1.1.1-cp37-cp37m-win_amd64.whl", hash = "sha256:9bf40443012702a1d2070043cb6291650a0841ece432556f784f004937f0f32c"},
    {file = "MarkupSafe-1.1.1.tar.gz", hash = "sha256:29872e92839765e546828bb7754a68c418d927cd064fd4708fab9fe9c8bb116b"},
]
more-itertools = [
    {file = "more-itertools-8.2.0.tar.gz", hash = "sha256:b1ddb932186d8a6ac451e1d95844b382f55e12686d51ca0c68b6f61f2ab7a507"},
    {file = "more_itertools-8.2.0-py3-none-any.whl", hash = "sha256:5dd8bcf33e5f9513ffa06d5ad33d78f31e1931ac9a18f33d37e77a180d393a7c"},
]
numba = [
    {file = "numba-0.48.0-1-cp38-cp38-win32.whl", hash = "sha256:139ef37fe367d67daf82d131962b33c6b0a6bf53f8af5689bed233e5a7395438"},
    {file = "numba-0.48.0-1-cp38-cp38-win_amd64.whl", hash = "sha256:5aad5e53e86319de37662991faca1cf1df9adfa655c05a2638951df1955b4096"},
    {file = "numba-0.48.0-cp36-cp36m-macosx_10_9_x86_64.whl", hash = "sha256:98d38454f6c0de2f3c4052732f34020aea6b518cb9fcfc07fbb5fe4093f69ea3"},
    {file = "numba-0.48.0-cp36-cp36m-manylinux1_i686.whl", hash = "sha256:ef945c290e528da513ba2a81e4a34ebbfef4657aaa442a64fcbc7330d031d66a"},
    {file = "numba-0.48.0-cp36-cp36m-manylinux1_x86_64.whl", hash = "sha256:3936ff4234cda9d17b921f7604f09045fefbe94b0f14c7a0d2c43aa9329b05a6"},
    {file = "numba-0.48.0-cp36-cp36m-win32.whl", hash = "sha256:a82ff049f13d0372ccf5985af0eaa10efc0be8299cf9bed495f87405769db600"},
    {file = "numba-0.48.0-cp36-cp36m-win_amd64.whl", hash = "sha256:5128e59c62e7b6cd6ed31d2e091d2a3df703e8411ae13db88d1ca00c4ec67a79"},
    {file = "numba-0.48.0-cp37-cp37m-macosx_10_9_x86_64.whl", hash = "sha256:2fcce007f90bba1d47ecc7511732a9fd38823f5499f7dd0f1debab764677ec5e"},
    {file = "numba-0.48.0-cp37-cp37m-manylinux1_i686.whl", hash = "sha256:daa8deefad91c4ca6f7b8a4ca1d434b0964bc171c6e06554ce7b16a0f6ddaf8b"},
    {file = "numba-0.48.0-cp37-cp37m-manylinux1_x86_64.whl", hash = "sha256:489f010fab602d1f978a33e5449ce44b782d7a2a860fb3c23711abb2631920b0"},
    {file = "numba-0.48.0-cp37-cp37m-win32.whl", hash = "sha256:43663ed9ffc67adb1977d1ada188c636389d3c1d2812687f5480f468019b5a6c"},
    {file = "numba-0.48.0-cp37-cp37m-win_amd64.whl", hash = "sha256:8c25667d9f6a962bf71170041fd30f548cb56eb05f258f979ef30dfb26d25ce6"},
    {file = "numba-0.48.0-cp38-cp38-macosx_10_9_x86_64.whl", hash = "sha256:86bee1f1b1096f948c661fedfecd7063aad1d0a5c6ac37f7a6c411fd2b1de1a9"},
    {file = "numba-0.48.0-cp38-cp38-manylinux1_i686.whl", hash = "sha256:bceef6378647f78e316b8421f09a2bac36961affd66aa61d48160d68992172d1"},
    {file = "numba-0.48.0-cp38-cp38-manylinux1_x86_64.whl", hash = "sha256:552f96244d484c985fedc6710a176e98b08f1d9578560df72bbe936e02b3d16f"},
    {file = "numba-0.48.0-cp38-cp38m-win_amd64.whl", hash = "sha256:e49e4156240297f2bacf750d3fef24b51fc85d89fc18ec3656183629944277be"},
    {file = "numba-0.48.0.tar.gz", hash = "sha256:9d21bc77e67006b5723052840c88cc59248e079a907cc68f1a1a264e1eaba017"},
]
numpy = [
    {file = "numpy-1.18.1-cp35-cp35m-macosx_10_6_intel.whl", hash = "sha256:20b26aaa5b3da029942cdcce719b363dbe58696ad182aff0e5dcb1687ec946dc"},
    {file = "numpy-1.18.1-cp35-cp35m-manylinux1_i686.whl", hash = "sha256:70a840a26f4e61defa7bdf811d7498a284ced303dfbc35acb7be12a39b2aa121"},
    {file = "numpy-1.18.1-cp35-cp35m-manylinux1_x86_64.whl", hash = "sha256:17aa7a81fe7599a10f2b7d95856dc5cf84a4eefa45bc96123cbbc3ebc568994e"},
    {file = "numpy-1.18.1-cp35-cp35m-win32.whl", hash = "sha256:f3d0a94ad151870978fb93538e95411c83899c9dc63e6fb65542f769568ecfa5"},
    {file = "numpy-1.18.1-cp35-cp35m-win_amd64.whl", hash = "sha256:1786a08236f2c92ae0e70423c45e1e62788ed33028f94ca99c4df03f5be6b3c6"},
    {file = "numpy-1.18.1-cp36-cp36m-macosx_10_9_x86_64.whl", hash = "sha256:ae0975f42ab1f28364dcda3dde3cf6c1ddab3e1d4b2909da0cb0191fa9ca0480"},
    {file = "numpy-1.18.1-cp36-cp36m-manylinux1_i686.whl", hash = "sha256:cf7eb6b1025d3e169989416b1adcd676624c2dbed9e3bcb7137f51bfc8cc2572"},
    {file = "numpy-1.18.1-cp36-cp36m-manylinux1_x86_64.whl", hash = "sha256:b765ed3930b92812aa698a455847141869ef755a87e099fddd4ccf9d81fffb57"},
    {file = "numpy-1.18.1-cp36-cp36m-win32.whl", hash = "sha256:2d75908ab3ced4223ccba595b48e538afa5ecc37405923d1fea6906d7c3a50bc"},
    {file = "numpy-1.18.1-cp36-cp36m-win_amd64.whl", hash = "sha256:9acdf933c1fd263c513a2df3dceecea6f3ff4419d80bf238510976bf9bcb26cd"},
    {file = "numpy-1.18.1-cp37-cp37m-macosx_10_9_x86_64.whl", hash = "sha256:56bc8ded6fcd9adea90f65377438f9fea8c05fcf7c5ba766bef258d0da1554aa"},
    {file = "numpy-1.18.1-cp37-cp37m-manylinux1_i686.whl", hash = "sha256:e422c3152921cece8b6a2fb6b0b4d73b6579bd20ae075e7d15143e711f3ca2ca"},
    {file = "numpy-1.18.1-cp37-cp37m-manylinux1_x86_64.whl", hash = "sha256:b3af02ecc999c8003e538e60c89a2b37646b39b688d4e44d7373e11c2debabec"},
    {file = "numpy-1.18.1-cp37-cp37m-win32.whl", hash = "sha256:d92350c22b150c1cae7ebb0ee8b5670cc84848f6359cf6b5d8f86617098a9b73"},
    {file = "numpy-1.18.1-cp37-cp37m-win_amd64.whl", hash = "sha256:77c3bfe65d8560487052ad55c6998a04b654c2fbc36d546aef2b2e511e760971"},
    {file = "numpy-1.18.1-cp38-cp38-macosx_10_9_x86_64.whl", hash = "sha256:c98c5ffd7d41611407a1103ae11c8b634ad6a43606eca3e2a5a269e5d6e8eb07"},
    {file = "numpy-1.18.1-cp38-cp38-manylinux1_i686.whl", hash = "sha256:9537eecf179f566fd1c160a2e912ca0b8e02d773af0a7a1120ad4f7507cd0d26"},
    {file = "numpy-1.18.1-cp38-cp38-manylinux1_x86_64.whl", hash = "sha256:e840f552a509e3380b0f0ec977e8124d0dc34dc0e68289ca28f4d7c1d0d79474"},
    {file = "numpy-1.18.1-cp38-cp38-win32.whl", hash = "sha256:590355aeade1a2eaba17617c19edccb7db8d78760175256e3cf94590a1a964f3"},
    {file = "numpy-1.18.1-cp38-cp38-win_amd64.whl", hash = "sha256:39d2c685af15d3ce682c99ce5925cc66efc824652e10990d2462dfe9b8918c6a"},
    {file = "numpy-1.18.1.zip", hash = "sha256:b6ff59cee96b454516e47e7721098e6ceebef435e3e21ac2d6c3b8b02628eb77"},
]
packaging = [
    {file = "packaging-20.1-py2.py3-none-any.whl", hash = "sha256:170748228214b70b672c581a3dd610ee51f733018650740e98c7df862a583f73"},
    {file = "packaging-20.1.tar.gz", hash = "sha256:e665345f9eef0c621aa0bf2f8d78cf6d21904eef16a93f020240b704a57f1334"},
]
pandas = [
    {file = "pandas-0.25.3-cp35-cp35m-macosx_10_6_intel.whl", hash = "sha256:df8864824b1fe488cf778c3650ee59c3a0d8f42e53707de167ba6b4f7d35f133"},
    {file = "pandas-0.25.3-cp35-cp35m-manylinux1_i686.whl", hash = "sha256:7458c48e3d15b8aaa7d575be60e1e4dd70348efcd9376656b72fecd55c59a4c3"},
    {file = "pandas-0.25.3-cp35-cp35m-manylinux1_x86_64.whl", hash = "sha256:61741f5aeb252f39c3031d11405305b6d10ce663c53bc3112705d7ad66c013d0"},
    {file = "pandas-0.25.3-cp35-cp35m-win32.whl", hash = "sha256:adc3d3a3f9e59a38d923e90e20c4922fc62d1e5a03d083440468c6d8f3f1ae0a"},
    {file = "pandas-0.25.3-cp35-cp35m-win_amd64.whl", hash = "sha256:975c461accd14e89d71772e89108a050fa824c0b87a67d34cedf245f6681fc17"},
    {file = "pandas-0.25.3-cp36-cp36m-macosx_10_9_x86_64.whl", hash = "sha256:ee50c2142cdcf41995655d499a157d0a812fce55c97d9aad13bc1eef837ed36c"},
    {file = "pandas-0.25.3-cp36-cp36m-manylinux1_i686.whl", hash = "sha256:4545467a637e0e1393f7d05d61dace89689ad6d6f66f267f86fff737b702cce9"},
    {file = "pandas-0.25.3-cp36-cp36m-manylinux1_x86_64.whl", hash = "sha256:bbe3eb765a0b1e578833d243e2814b60c825b7fdbf4cdfe8e8aae8a08ed56ecf"},
    {file = "pandas-0.25.3-cp36-cp36m-win32.whl", hash = "sha256:8153705d6545fd9eb6dd2bc79301bff08825d2e2f716d5dced48daafc2d0b81f"},
    {file = "pandas-0.25.3-cp36-cp36m-win_amd64.whl", hash = "sha256:26382aab9c119735908d94d2c5c08020a4a0a82969b7e5eefb92f902b3b30ad7"},
    {file = "pandas-0.25.3-cp37-cp37m-macosx_10_9_x86_64.whl", hash = "sha256:00dff3a8e337f5ed7ad295d98a31821d3d0fe7792da82d78d7fd79b89c03ea9d"},
    {file = "pandas-0.25.3-cp37-cp37m-manylinux1_x86_64.whl", hash = "sha256:e45055c30a608076e31a9fcd780a956ed3b1fa20db61561b8d88b79259f526f7"},
    {file = "pandas-0.25.3-cp37-cp37m-win32.whl", hash = "sha256:255920e63850dc512ce356233081098554d641ba99c3767dde9e9f35630f994b"},
    {file = "pandas-0.25.3-cp37-cp37m-win_amd64.whl", hash = "sha256:22361b1597c8c2ffd697aa9bf85423afa9e1fcfa6b1ea821054a244d5f24d75e"},
    {file = "pandas-0.25.3-cp38-cp38-macosx_10_9_x86_64.whl", hash = "sha256:9962957a27bfb70ab64103d0a7b42fa59c642fb4ed4cb75d0227b7bb9228535d"},
    {file = "pandas-0.25.3-cp38-cp38-manylinux1_x86_64.whl", hash = "sha256:78bf638993219311377ce9836b3dc05f627a666d0dbc8cec37c0ff3c9ada673b"},
    {file = "pandas-0.25.3-cp38-cp38-win32.whl", hash = "sha256:6a3ac2c87e4e32a969921d1428525f09462770c349147aa8e9ab95f88c71ec71"},
    {file = "pandas-0.25.3-cp38-cp38-win_amd64.whl", hash = "sha256:33970f4cacdd9a0ddb8f21e151bfb9f178afb7c36eb7c25b9094c02876f385c2"},
    {file = "pandas-0.25.3.tar.gz", hash = "sha256:52da74df8a9c9a103af0a72c9d5fdc8e0183a90884278db7f386b5692a2220a4"},
]
pluggy = [
    {file = "pluggy-0.13.1-py2.py3-none-any.whl", hash = "sha256:966c145cd83c96502c3c3868f50408687b38434af77734af1e9ca461a4081d2d"},
    {file = "pluggy-0.13.1.tar.gz", hash = "sha256:15b2acde666561e1298d71b523007ed7364de07029219b604cf808bfa1c765b0"},
]
prettytable = [
    {file = "prettytable-0.7.2.tar.bz2", hash = "sha256:853c116513625c738dc3ce1aee148b5b5757a86727e67eff6502c7ca59d43c36"},
    {file = "prettytable-0.7.2.tar.gz", hash = "sha256:2d5460dc9db74a32bcc8f9f67de68b2c4f4d2f01fa3bd518764c69156d9cacd9"},
    {file = "prettytable-0.7.2.zip", hash = "sha256:a53da3b43d7a5c229b5e3ca2892ef982c46b7923b51e98f0db49956531211c4f"},
]
psutil = [
    {file = "psutil-5.7.0-cp27-none-win32.whl", hash = "sha256:298af2f14b635c3c7118fd9183843f4e73e681bb6f01e12284d4d70d48a60953"},
    {file = "psutil-5.7.0-cp27-none-win_amd64.whl", hash = "sha256:75e22717d4dbc7ca529ec5063000b2b294fc9a367f9c9ede1f65846c7955fd38"},
    {file = "psutil-5.7.0-cp35-cp35m-win32.whl", hash = "sha256:f344ca230dd8e8d5eee16827596f1c22ec0876127c28e800d7ae20ed44c4b310"},
    {file = "psutil-5.7.0-cp35-cp35m-win_amd64.whl", hash = "sha256:e2d0c5b07c6fe5a87fa27b7855017edb0d52ee73b71e6ee368fae268605cc3f5"},
    {file = "psutil-5.7.0-cp36-cp36m-win32.whl", hash = "sha256:a02f4ac50d4a23253b68233b07e7cdb567bd025b982d5cf0ee78296990c22d9e"},
    {file = "psutil-5.7.0-cp36-cp36m-win_amd64.whl", hash = "sha256:1413f4158eb50e110777c4f15d7c759521703bd6beb58926f1d562da40180058"},
    {file = "psutil-5.7.0-cp37-cp37m-win32.whl", hash = "sha256:d008ddc00c6906ec80040d26dc2d3e3962109e40ad07fd8a12d0284ce5e0e4f8"},
    {file = "psutil-5.7.0-cp37-cp37m-win_amd64.whl", hash = "sha256:73f35ab66c6c7a9ce82ba44b1e9b1050be2a80cd4dcc3352cc108656b115c74f"},
    {file = "psutil-5.7.0-cp38-cp38-win32.whl", hash = "sha256:60b86f327c198561f101a92be1995f9ae0399736b6eced8f24af41ec64fb88d4"},
    {file = "psutil-5.7.0-cp38-cp38-win_amd64.whl", hash = "sha256:d84029b190c8a66a946e28b4d3934d2ca1528ec94764b180f7d6ea57b0e75e26"},
    {file = "psutil-5.7.0.tar.gz", hash = "sha256:685ec16ca14d079455892f25bd124df26ff9137664af445563c1bd36629b5e0e"},
]
py = [
    {file = "py-1.8.1-py2.py3-none-any.whl", hash = "sha256:c20fdd83a5dbc0af9efd622bee9a5564e278f6380fffcacc43ba6f43db2813b0"},
    {file = "py-1.8.1.tar.gz", hash = "sha256:5e27081401262157467ad6e7f851b7aa402c5852dbcb3dae06768434de5752aa"},
]
pyecharts = [
    {file = "pyecharts-1.6.2-py3-none-any.whl", hash = "sha256:818cec55f1c51def3da53185ad6ee2c6ccc8c5c1f8c35080a618ce2078ad687c"},
]
pyparsing = [
    {file = "pyparsing-2.4.6-py2.py3-none-any.whl", hash = "sha256:c342dccb5250c08d45fd6f8b4a559613ca603b57498511740e65cd11a2e7dcec"},
    {file = "pyparsing-2.4.6.tar.gz", hash = "sha256:4c830582a84fb022400b85429791bc551f1f4871c33f23e44f353119e92f969f"},
]
pytest = [
    {file = "pytest-5.3.5-py3-none-any.whl", hash = "sha256:ff615c761e25eb25df19edddc0b970302d2a9091fbce0e7213298d85fb61fef6"},
    {file = "pytest-5.3.5.tar.gz", hash = "sha256:0d5fe9189a148acc3c3eb2ac8e1ac0742cb7618c084f3d228baaec0c254b318d"},
]
python-dateutil = [
    {file = "python-dateutil-2.8.1.tar.gz", hash = "sha256:73ebfe9dbf22e832286dafa60473e4cd239f8592f699aa5adaf10050e6e1823c"},
    {file = "python_dateutil-2.8.1-py2.py3-none-any.whl", hash = "sha256:75bb3f31ea686f1197762692a9ee6a7550b59fc6ca3a1f4b5d7e32fb98e2da2a"},
]
pytz = [
    {file = "pytz-2019.3-py2.py3-none-any.whl", hash = "sha256:1c557d7d0e871de1f5ccd5833f60fb2550652da6be2693c1e02300743d21500d"},
    {file = "pytz-2019.3.tar.gz", hash = "sha256:b02c06db6cf09c12dd25137e563b31700d3b80fcc4ad23abb7a315f2789819be"},
]
selenium = [
    {file = "selenium-3.141.0-py2.py3-none-any.whl", hash = "sha256:2d7131d7bc5a5b99a2d9b04aaf2612c411b03b8ca1b1ee8d3de5845a9be2cb3c"},
    {file = "selenium-3.141.0.tar.gz", hash = "sha256:deaf32b60ad91a4611b98d8002757f29e6f2c2d5fcaf202e1c9ad06d6772300d"},
]
simplejson = [
    {file = "simplejson-3.17.0-cp27-cp27m-macosx_10_13_x86_64.whl", hash = "sha256:87d349517b572964350cc1adc5a31b493bbcee284505e81637d0174b2758ba17"},
    {file = "simplejson-3.17.0-cp27-cp27m-win32.whl", hash = "sha256:1d1e929cdd15151f3c0b2efe953b3281b2fd5ad5f234f77aca725f28486466f6"},
    {file = "simplejson-3.17.0-cp27-cp27m-win_amd64.whl", hash = "sha256:1ea59f570b9d4916ae5540a9181f9c978e16863383738b69a70363bc5e63c4cb"},
    {file = "simplejson-3.17.0-cp33-cp33m-win32.whl", hash = "sha256:8027bd5f1e633eb61b8239994e6fc3aba0346e76294beac22a892eb8faa92ba1"},
    {file = "simplejson-3.17.0-cp33-cp33m-win_amd64.whl", hash = "sha256:22a7acb81968a7c64eba7526af2cf566e7e2ded1cb5c83f0906b17ff1540f866"},
    {file = "simplejson-3.17.0-cp34-cp34m-win32.whl", hash = "sha256:17163e643dbf125bb552de17c826b0161c68c970335d270e174363d19e7ea882"},
    {file = "simplejson-3.17.0-cp34-cp34m-win_amd64.whl", hash = "sha256:0fe3994207485efb63d8f10a833ff31236ed27e3b23dadd0bf51c9900313f8f2"},
    {file = "simplejson-3.17.0-cp35-cp35m-win32.whl", hash = "sha256:4cf91aab51b02b3327c9d51897960c554f00891f9b31abd8a2f50fd4a0071ce8"},
    {file = "simplejson-3.17.0-cp35-cp35m-win_amd64.whl", hash = "sha256:fc9051d249dd5512e541f20330a74592f7a65b2d62e18122ca89bf71f94db748"},
    {file = "simplejson-3.17.0-cp36-cp36m-macosx_10_13_x86_64.whl", hash = "sha256:86afc5b5cbd42d706efd33f280fec7bd7e2772ef54e3f34cf6b30777cd19a614"},
    {file = "simplejson-3.17.0-cp36-cp36m-win32.whl", hash = "sha256:926bcbef9eb60e798eabda9cd0bbcb0fca70d2779aa0aa56845749d973eb7ad5"},
    {file = "simplejson-3.17.0-cp36-cp36m-win_amd64.whl", hash = "sha256:daaf4d11db982791be74b23ff4729af2c7da79316de0bebf880fa2d60bcc8c5a"},
    {file = "simplejson-3.17.0-cp37-cp37m-macosx_10_14_x86_64.whl", hash = "sha256:9a126c3a91df5b1403e965ba63b304a50b53d8efc908a8c71545ed72535374a3"},
    {file = "simplejson-3.17.0-cp37-cp37m-win32.whl", hash = "sha256:fc046afda0ed8f5295212068266c92991ab1f4a50c6a7144b69364bdee4a0159"},
    {file = "simplejson-3.17.0-cp37-cp37m-win_amd64.whl", hash = "sha256:7cce4bac7e0d66f3a080b80212c2238e063211fe327f98d764c6acbc214497fc"},
    {file = "simplejson-3.17.0.tar.gz", hash = "sha256:2b4b2b738b3b99819a17feaf118265d0753d5536049ea570b3c43b51c4701e81"},
    {file = "simplejson-3.17.0.win-amd64-py2.7.exe", hash = "sha256:1d346c2c1d7dd79c118f0cc7ec5a1c4127e0c8ffc83e7b13fc5709ff78c9bb84"},
    {file = "simplejson-3.17.0.win-amd64-py3.3.exe", hash = "sha256:5cfd495527f8b85ce21db806567de52d98f5078a8e9427b18e251c68bd573a26"},
    {file = "simplejson-3.17.0.win-amd64-py3.4.exe", hash = "sha256:8de378d589eccbc75941e480b4d5b4db66f22e4232f87543b136b1f093fff342"},
    {file = "simplejson-3.17.0.win-amd64-py3.5.exe", hash = "sha256:f4b64a1031acf33e281fd9052336d6dad4d35eee3404c95431c8c6bc7a9c0588"},
    {file = "simplejson-3.17.0.win-amd64-py3.6.exe", hash = "sha256:ad8dd3454d0c65c0f92945ac86f7b9efb67fa2040ba1b0189540e984df904378"},
    {file = "simplejson-3.17.0.win-amd64-py3.7.exe", hash = "sha256:229edb079d5dd81bf12da952d4d825bd68d1241381b37d3acf961b384c9934de"},
    {file = "simplejson-3.17.0.win32-py2.7.exe", hash = "sha256:4fd5f79590694ebff8dc980708e1c182d41ce1fda599a12189f0ca96bf41ad70"},
    {file = "simplejson-3.17.0.win32-py3.3.exe", hash = "sha256:d140e9376e7f73c1f9e0a8e3836caf5eec57bbafd99259d56979da05a6356388"},
    {file = "simplejson-3.17.0.win32-py3.4.exe", hash = "sha256:da00675e5e483ead345429d4f1374ab8b949fba4429d60e71ee9d030ced64037"},
    {file = "simplejson-3.17.0.win32-py3.5.exe", hash = "sha256:7739940d68b200877a15a5ff5149e1599737d6dd55e302625650629350466418"},
    {file = "simplejson-3.17.0.win32-py3.6.exe", hash = "sha256:60aad424e47c5803276e332b2a861ed7a0d46560e8af53790c4c4fb3420c26c2"},
    {file = "simplejson-3.17.0.win32-py3.7.exe", hash = "sha256:1fbba86098bbfc1f85c5b69dc9a6d009055104354e0d9880bb00b692e30e0078"},
]
six = [
    {file = "six-1.14.0-py2.py3-none-any.whl", hash = "sha256:8f3cd2e254d8f793e7f3d6d9df77b92252b52637291d0f0da013c76ea2724b6c"},
    {file = "six-1.14.0.tar.gz", hash = "sha256:236bdbdce46e6e6a3d61a337c0f8b763ca1e8717c03b369e87a7ec7ce1319c0a"},
]
snapshot-selenium = [
    {file = "snapshot-selenium-0.0.2.tar.gz", hash = "sha256:c5def5a05380beefe20b9f4ac6af8021175db66acc5d7a739ff82b513938c6d0"},
    {file = "snapshot_selenium-0.0.2-py2.py3-none-any.whl", hash = "sha256:0612e3db63370eac9a962736b10a81b2bad79946b773ede608b51302c9bb199c"},
]
tqdm = [
    {file = "tqdm-4.43.0-py2.py3-none-any.whl", hash = "sha256:0d8b5afb66e23d80433102e9bd8b5c8b65d34c2a2255b2de58d97bd2ea8170fd"},
    {file = "tqdm-4.43.0.tar.gz", hash = "sha256:f35fb121bafa030bd94e74fcfd44f3c2830039a2ddef7fc87ef1c2d205237b24"},
]
urllib3 = [
    {file = "urllib3-1.25.8-py2.py3-none-any.whl", hash = "sha256:2f3db8b19923a873b3e5256dc9c2dedfa883e33d87c690d9c7913e1f40673cdc"},
    {file = "urllib3-1.25.8.tar.gz", hash = "sha256:87716c2d2a7121198ebcb7ce7cccf6ce5e9ba539041cfbaeecfb641dc0bf6acc"},
]
wcwidth = [
    {file = "wcwidth-0.1.8-py2.py3-none-any.whl", hash = "sha256:8fd29383f539be45b20bd4df0dc29c20ba48654a41e661925e612311e9f3c603"},
    {file = "wcwidth-0.1.8.tar.gz", hash = "sha256:f28b3e8a6483e5d49e7f8949ac1a78314e740333ae305b4ba5defd3e74fb37a8"},
]
zipp = [
    {file = "zipp-3.0.0-py3-none-any.whl", hash = "sha256:12248a63bbdf7548f89cb4c7cda4681e537031eda29c02ea29674bc6854460c2"},
    {file = "zipp-3.0.0.tar.gz", hash = "sha256:7c0f8e91abc0dc07a5068f315c52cb30c66bfbc581e5b50704c8a2f6ebae794a"},
]
