[[package]]
category = "main"
description = "Fast, Extensible Progress Meter"
name = "tqdm"
optional = false
python-versions = ">=2.6, !=3.0.*, !=3.1.*"
version = "4.41.0"

[package.extras]
dev = ["py-make (>=0.1.0)", "twine", "argopt", "pydoc-markdown"]

[metadata]
content-hash = "0a296a65d0c6433e31774d60e0c8108c738c02737b3f9f4607c2882dd952ebc4"
python-versions = "^3.7"

[metadata.files]
tqdm = [
    {file = "tqdm-4.41.0-py2.py3-none-any.whl", hash = "sha256:9036904496bd2afacf836a6f206c5a766ce11d3e9319d54a4e794c0f34b111dc"},
    {file = "tqdm-4.41.0.tar.gz", hash = "sha256:166a82cdea964ae45528e0cc89436255ff2be73dc848bdf239f13c501cae5dc7"},
]
